{
  "name": "pooper",
  "version": "0.1.12",
  "lockfileVersion": 3,
  "requires": true,
  "packages": {
    "": {
      "dependencies": {
        "@fontsource/noto-sans": "^5.1.1",
        "tailwindcss": "^4.0.6",
        "tailwindcss-animate": "^1.0.7"
      }
    },
    "node_modules/@fontsource/noto-sans": {
      "version": "5.1.1",
      "resolved": "https://registry.npmjs.org/@fontsource/noto-sans/-/noto-sans-5.1.1.tgz",
      "integrity": "sha512-WesuII3BzvzVr0JqYIgnEeJPwXvpFAo9tNCMH1AqoLSCdStKJugMaIcVJ/sT+Pw9ytIlUO3ccbqbe+BhhsXm9g==",
      "license": "OFL-1.1"
    },
    "node_modules/tailwindcss": {
      "version": "4.0.6",
      "resolved": "https://registry.npmjs.org/tailwindcss/-/tailwindcss-4.0.6.tgz",
      "integrity": "sha512-mysewHYJKaXgNOW6pp5xon/emCsfAMnO8WMaGKZZ35fomnR/T5gYnRg2/yRTTrtXiEl1tiVkeRt0eMO6HxEZqw==",
      "license": "MIT"
    },
    "node_modules/tailwindcss-animate": {
      "version": "1.0.7",
      "resolved": "https://registry.npmjs.org/tailwindcss-animate/-/tailwindcss-animate-1.0.7.tgz",
      "integrity": "sha512-bl6mpH3T7I3UFxuvDEXLxy/VuFxBk5bbzplh7tXI68mwMokNYd1t9qPBHlnyTwfa4JGC4zP516I1hYYtQ/vspA==",
      "license": "MIT",
      "peerDependencies": {
        "tailwindcss": ">=3.0.0 || insiders"
      }
    }
  }
}
